
Microsoft Visual Studio Solution File, Format Version 12.00
# Visual Studio Version 17
VisualStudioVersion = 17.11.35327.3
MinimumVisualStudioVersion = 10.0.40219.1
Project("{9A19103F-16F7-4668-BE54-9A1E7A4F7556}") = "PriorityQueue", "PriorityQueue.csproj", "{FD200A07-6DA1-4C7E-9821-1D41DB83D969}"
EndProject
Global
	GlobalSection(SolutionConfigurationPlatforms) = preSolution
		Debug|Any CPU = Debug|Any CPU
		Release|Any CPU = Release|Any CPU
	EndGlobalSection
	GlobalSection(ProjectConfigurationPlatforms) = postSolution
		{FD200A07-6DA1-4C7E-9821-1D41DB83D969}.Debug|Any CPU.ActiveCfg = Debug|Any CPU
		{FD200A07-6DA1-4C7E-9821-1D41DB83D969}.Debug|Any CPU.Build.0 = Debug|Any CPU
		{FD200A07-6DA1-4C7E-9821-1D41DB83D969}.Release|Any CPU.ActiveCfg = Release|Any CPU
		{FD200A07-6DA1-4C7E-9821-1D41DB83D969}.Release|Any CPU.Build.0 = Release|Any CPU
	EndGlobalSection
	GlobalSection(SolutionProperties) = preSolution
		HideSolutionNode = FALSE
	EndGlobalSection
	GlobalSection(ExtensibilityGlobals) = postSolution
		SolutionGuid = {E645E841-7979-4F34-9275-E9BE5CD2A419}
	EndGlobalSection
EndGlobal
